
Microsoft Visual Studio Solution File, Format Version 12.00
# Visual Studio Version 16
VisualStudioVersion = 16.0.30907.101
MinimumVisualStudioVersion = 10.0.40219.1
Project("{FAE04EC0-301F-11D3-BF4B-00C04F79EFBC}") = "Alcamoth", "Alcamoth.csproj", "{265F28C4-2CEA-4FA7-869A-4C18115BAC88}"
EndProject
Global
	GlobalSection(SolutionConfigurationPlatforms) = preSolution
		Debug|Any CPU = Debug|Any CPU
		Release|Any CPU = Release|Any CPU
	EndGlobalSection
	GlobalSection(ProjectConfigurationPlatforms) = postSolution
		{265F28C4-2CEA-4FA7-869A-4C18115BAC88}.Debug|Any CPU.ActiveCfg = Debug|Any CPU
		{265F28C4-2CEA-4FA7-869A-4C18115BAC88}.Debug|Any CPU.Build.0 = Debug|Any CPU
		{265F28C4-2CEA-4FA7-869A-4C18115BAC88}.Release|Any CPU.ActiveCfg = Release|Any CPU
		{265F28C4-2CEA-4FA7-869A-4C18115BAC88}.Release|Any CPU.Build.0 = Release|Any CPU
	EndGlobalSection
	GlobalSection(SolutionProperties) = preSolution
		HideSolutionNode = FALSE
	EndGlobalSection
	GlobalSection(ExtensibilityGlobals) = postSolution
		SolutionGuid = {1BE74E23-5D4A-42AA-ADD9-B11D86EBDAFE}
	EndGlobalSection
EndGlobal
